
Microsoft Visual Studio Solution File, Format Version 12.00
# Visual Studio Version 16
VisualStudioVersion = 16.0.810.6
MinimumVisualStudioVersion = 10.0.40219.1
Project("{FAE04EC0-301F-11D3-BF4B-00C04F79EFBC}") = "MedicationReminders.Android", "MedicationReminders.Android\MedicationReminders.Android.csproj", "{D763332F-5DD9-4181-AA0F-A37B4566F452}"
EndProject
Project("{FAE04EC0-301F-11D3-BF4B-00C04F79EFBC}") = "MedicationReminders.iOS", "MedicationReminders.iOS\MedicationReminders.iOS.csproj", "{CA7F31D0-94AA-4348-977A-882637DEC573}"
EndProject
Project("{9A19103F-16F7-4668-BE54-9A1E7A4F7556}") = "MedicationReminders", "MedicationReminders\MedicationReminders.csproj", "{4564433A-A685-4115-B63E-1666228D9817}"
EndProject
Global
	GlobalSection(SolutionConfigurationPlatforms) = preSolution
		Debug|Any CPU = Debug|Any CPU
		Debug|iPhone = Debug|iPhone
		Debug|iPhoneSimulator = Debug|iPhoneSimulator
		Release|Any CPU = Release|Any CPU
		Release|iPhone = Release|iPhone
		Release|iPhoneSimulator = Release|iPhoneSimulator
	EndGlobalSection
	GlobalSection(ProjectConfigurationPlatforms) = postSolution
		{D763332F-5DD9-4181-AA0F-A37B4566F452}.Debug|Any CPU.ActiveCfg = Debug|Any CPU
		{D763332F-5DD9-4181-AA0F-A37B4566F452}.Debug|Any CPU.Build.0 = Debug|Any CPU
		{D763332F-5DD9-4181-AA0F-A37B4566F452}.Debug|Any CPU.Deploy.0 = Debug|Any CPU
		{D763332F-5DD9-4181-AA0F-A37B4566F452}.Debug|iPhone.ActiveCfg = Debug|Any CPU
		{D763332F-5DD9-4181-AA0F-A37B4566F452}.Debug|iPhone.Build.0 = Debug|Any CPU
		{D763332F-5DD9-4181-AA0F-A37B4566F452}.Debug|iPhone.Deploy.0 = Debug|Any CPU
		{D763332F-5DD9-4181-AA0F-A37B4566F452}.Debug|iPhoneSimulator.ActiveCfg = Debug|Any CPU
		{D763332F-5DD9-4181-AA0F-A37B4566F452}.Debug|iPhoneSimulator.Build.0 = Debug|Any CPU
		{D763332F-5DD9-4181-AA0F-A37B4566F452}.Release|Any CPU.ActiveCfg = Release|Any CPU
		{D763332F-5DD9-4181-AA0F-A37B4566F452}.Release|Any CPU.Build.0 = Release|Any CPU
		{D763332F-5DD9-4181-AA0F-A37B4566F452}.Release|iPhone.ActiveCfg = Release|Any CPU
		{D763332F-5DD9-4181-AA0F-A37B4566F452}.Release|iPhone.Build.0 = Release|Any CPU
		{D763332F-5DD9-4181-AA0F-A37B4566F452}.Release|iPhoneSimulator.ActiveCfg = Release|Any CPU
		{D763332F-5DD9-4181-AA0F-A37B4566F452}.Release|iPhoneSimulator.Build.0 = Release|Any CPU
		{CA7F31D0-94AA-4348-977A-882637DEC573}.Debug|Any CPU.ActiveCfg = Debug|iPhoneSimulator
		{CA7F31D0-94AA-4348-977A-882637DEC573}.Debug|Any CPU.Build.0 = Debug|iPhoneSimulator
		{CA7F31D0-94AA-4348-977A-882637DEC573}.Debug|iPhone.ActiveCfg = Debug|iPhone
		{CA7F31D0-94AA-4348-977A-882637DEC573}.Debug|iPhone.Build.0 = Debug|iPhone
		{CA7F31D0-94AA-4348-977A-882637DEC573}.Debug|iPhone.Deploy.0 = Debug|iPhone
		{CA7F31D0-94AA-4348-977A-882637DEC573}.Debug|iPhoneSimulator.ActiveCfg = Debug|iPhoneSimulator
		{CA7F31D0-94AA-4348-977A-882637DEC573}.Debug|iPhoneSimulator.Build.0 = Debug|iPhoneSimulator
		{CA7F31D0-94AA-4348-977A-882637DEC573}.Release|Any CPU.ActiveCfg = Release|iPhoneSimulator
		{CA7F31D0-94AA-4348-977A-882637DEC573}.Release|Any CPU.Build.0 = Release|iPhoneSimulator
		{CA7F31D0-94AA-4348-977A-882637DEC573}.Release|iPhone.ActiveCfg = Release|iPhone
		{CA7F31D0-94AA-4348-977A-882637DEC573}.Release|iPhone.Build.0 = Release|iPhone
		{CA7F31D0-94AA-4348-977A-882637DEC573}.Release|iPhoneSimulator.ActiveCfg = Release|iPhoneSimulator
		{CA7F31D0-94AA-4348-977A-882637DEC573}.Release|iPhoneSimulator.Build.0 = Release|iPhoneSimulator
		{4564433A-A685-4115-B63E-1666228D9817}.Debug|Any CPU.ActiveCfg = Debug|Any CPU
		{4564433A-A685-4115-B63E-1666228D9817}.Debug|Any CPU.Build.0 = Debug|Any CPU
		{4564433A-A685-4115-B63E-1666228D9817}.Debug|iPhone.ActiveCfg = Debug|Any CPU
		{4564433A-A685-4115-B63E-1666228D9817}.Debug|iPhone.Build.0 = Debug|Any CPU
		{4564433A-A685-4115-B63E-1666228D9817}.Debug|iPhoneSimulator.ActiveCfg = Debug|Any CPU
		{4564433A-A685-4115-B63E-1666228D9817}.Debug|iPhoneSimulator.Build.0 = Debug|Any CPU
		{4564433A-A685-4115-B63E-1666228D9817}.Release|Any CPU.ActiveCfg = Release|Any CPU
		{4564433A-A685-4115-B63E-1666228D9817}.Release|Any CPU.Build.0 = Release|Any CPU
		{4564433A-A685-4115-B63E-1666228D9817}.Release|iPhone.ActiveCfg = Release|Any CPU
		{4564433A-A685-4115-B63E-1666228D9817}.Release|iPhone.Build.0 = Release|Any CPU
		{4564433A-A685-4115-B63E-1666228D9817}.Release|iPhoneSimulator.ActiveCfg = Release|Any CPU
		{4564433A-A685-4115-B63E-1666228D9817}.Release|iPhoneSimulator.Build.0 = Release|Any CPU
	EndGlobalSection
	GlobalSection(SolutionProperties) = preSolution
		HideSolutionNode = FALSE
	EndGlobalSection
	GlobalSection(ExtensibilityGlobals) = postSolution
		SolutionGuid = {7C86F82F-8F44-4CC1-BE12-D3F577446881}
	EndGlobalSection
EndGlobal
